// !$*UTF8*$!
{
	archiveVersion = 1;
	classes = {
	};
	objectVersion = 46;
	objects = {

/* Begin PBXBuildFile section */
		099292AF19E713FE003D25FC /* LLgtest.cpp in Sources */ = {isa = PBXBuildFile; fileRef = 099292AE19E713FE003D25FC /* LLgtest.cpp */; };
/* End PBXBuildFile section */

/* Begin PBXCopyFilesBuildPhase section */
		093CE95519E6DF9000FCB1B0 /* CopyFiles */ = {
			isa = PBXCopyFilesBuildPhase;
			buildActionMask = 2147483647;
			dstPath = /usr/share/man/man1/;
			dstSubfolderSpec = 0;
			files = (
			);
			runOnlyForDeploymentPostprocessing = 1;
		};
/* End PBXCopyFilesBuildPhase section */

/* Begin PBXFileReference section */
		093CE95719E6DF9000FCB1B0 /* linkedlist */ = {isa = PBXFileReference; explicitFileType = "compiled.mach-o.executable"; includeInIndex = 0; path = linkedlist; sourceTree = BUILT_PRODUCTS_DIR; };
		093CE96219E6EEA400FCB1B0 /* LLg.h */ = {isa = PBXFileReference; explicitFileType = sourcecode.cpp.h; fileEncoding = 4; path = LLg.h; sourceTree = "<group>"; };
		099292AE19E713FE003D25FC /* LLgtest.cpp */ = {isa = PBXFileReference; fileEncoding = 4; lastKnownFileType = sourcecode.cpp.cpp; path = LLgtest.cpp; sourceTree = "<group>"; };
/* End PBXFileReference section */

/* Begin PBXFrameworksBuildPhase section */
		093CE95419E6DF9000FCB1B0 /* Frameworks */ = {
			isa = PBXFrameworksBuildPhase;
			buildActionMask = 2147483647;
			files = (
			);
			runOnlyForDeploymentPostprocessing = 0;
		};
/* End PBXFrameworksBuildPhase section */

/* Begin PBXGroup section */
		093CE94E19E6DF9000FCB1B0 = {
			isa = PBXGroup;
			children = (
				093CE95919E6DF9000FCB1B0 /* linkedlist */,
				093CE95819E6DF9000FCB1B0 /* Products */,
			);
			sourceTree = "<group>";
		};
		093CE95819E6DF9000FCB1B0 /* Products */ = {
			isa = PBXGroup;
			children = (
				093CE95719E6DF9000FCB1B0 /* linkedlist */,
			);
			name = Products;
			sourceTree = "<group>";
		};
		093CE95919E6DF9000FCB1B0 /* linkedlist */ = {
			isa = PBXGroup;
			children = (
				099292AE19E713FE003D25FC /* LLgtest.cpp */,
				093CE96219E6EEA400FCB1B0 /* LLg.h */,
			);
			path = linkedlist;
			sourceTree = "<group>";
		};
/* End PBXGroup section */

/* Begin PBXNativeTarget section */
		093CE95619E6DF9000FCB1B0 /* linkedlist */ = {
			isa = PBXNativeTarget;
			buildConfigurationList = 093CE95E19E6DF9000FCB1B0 /* Build configuration list for PBXNativeTarget "linkedlist" */;
			buildPhases = (
				093CE95319E6DF9000FCB1B0 /* Sources */,
				093CE95419E6DF9000FCB1B0 /* Frameworks */,
				093CE95519E6DF9000FCB1B0 /* CopyFiles */,
			);
			buildRules = (
			);
			dependencies = (
			);
			name = linkedlist;
			productName = linkedlist;
			productReference = 093CE95719E6DF9000FCB1B0 /* linkedlist */;
			productType = "com.apple.product-type.tool";
		};
/* End PBXNativeTarget section */

/* Begin PBXProject section */
		093CE94F19E6DF9000FCB1B0 /* Project object */ = {
			isa = PBXProject;
			attributes = {
				LastUpgradeCheck = 0600;
				ORGANIZATIONNAME = "Madeleine Monfort";
				TargetAttributes = {
					093CE95619E6DF9000FCB1B0 = {
						CreatedOnToolsVersion = 6.0.1;
					};
				};
			};
			buildConfigurationList = 093CE95219E6DF9000FCB1B0 /* Build configuration list for PBXProject "linkedlist" */;
			compatibilityVersion = "Xcode 3.2";
			developmentRegion = English;
			hasScannedForEncodings = 0;
			knownRegions = (
				en,
			);
			mainGroup = 093CE94E19E6DF9000FCB1B0;
			productRefGroup = 093CE95819E6DF9000FCB1B0 /* Products */;
			projectDirPath = "";
			projectRoot = "";
			targets = (
				093CE95619E6DF9000FCB1B0 /* linkedlist */,
			);
		};
/* End PBXProject section */

/* Begin PBXSourcesBuildPhase section */
		093CE95319E6DF9000FCB1B0 /* Sources */ = {
			isa = PBXSourcesBuildPhase;
			buildActionMask = 2147483647;
			files = (
				099292AF19E713FE003D25FC /* LLgtest.cpp in Sources */,
			);
			runOnlyForDeploymentPostprocessing = 0;
		};
/* End PBXSourcesBuildPhase section */

/* Begin XCBuildConfiguration section */
		093CE95C19E6DF9000FCB1B0 /* Debug */ = {
			isa = XCBuildConfiguration;
			buildSettings = {
				ALWAYS_SEARCH_USER_PATHS = NO;
				CLANG_CXX_LANGUAGE_STANDARD = "gnu++0x";
				CLANG_CXX_LIBRARY = "libc++";
				CLANG_ENABLE_MODULES = YES;
				CLANG_ENABLE_OBJC_ARC = YES;
				CLANG_WARN_BOOL_CONVERSION = YES;
				CLANG_WARN_CONSTANT_CONVERSION = YES;
				CLANG_WARN_DIRECT_OBJC_ISA_USAGE = YES_ERROR;
				CLANG_WARN_EMPTY_BODY = YES;
				CLANG_WARN_ENUM_CONVERSION = YES;
				CLANG_WARN_INT_CONVERSION = YES;
				CLANG_WARN_OBJC_ROOT_CLASS = YES_ERROR;
				CLANG_WARN_UNREACHABLE_CODE = YES;
				CLANG_WARN__DUPLICATE_METHOD_MATCH = YES;
				COPY_PHASE_STRIP = NO;
				ENABLE_STRICT_OBJC_MSGSEND = YES;
				GCC_C_LANGUAGE_STANDARD = gnu99;
				GCC_DYNAMIC_NO_PIC = NO;
				GCC_OPTIMIZATION_LEVEL = 0;
				GCC_PREPROCESSOR_DEFINITIONS = (
					"DEBUG=1",
					"$(inherited)",
				);
				GCC_SYMBOLS_PRIVATE_EXTERN = NO;
				GCC_WARN_64_TO_32_BIT_CONVERSION = YES;
				GCC_WARN_ABOUT_RETURN_TYPE = YES_ERROR;
				GCC_WARN_UNDECLARED_SELECTOR = YES;
				GCC_WARN_UNINITIALIZED_AUTOS = YES_AGGRESSIVE;
				GCC_WARN_UNUSED_FUNCTION = YES;
				GCC_WARN_UNUSED_VARIABLE = YES;
				MACOSX_DEPLOYMENT_TARGET = 10.9;
				MTL_ENABLE_DEBUG_INFO = YES;
				ONLY_ACTIVE_ARCH = YES;
				SDKROOT = macosx;
			};
			name = Debug;
		};
		093CE95D19E6DF9000FCB1B0 /* Release */ = {
			isa = XCBuildConfiguration;
			buildSettings = {
				ALWAYS_SEARCH_USER_PATHS = NO;
				CLANG_CXX_LANGUAGE_STANDARD = "gnu++0x";
				CLANG_CXX_LIBRARY = "libc++";
				CLANG_ENABLE_MODULES = YES;
				CLANG_ENABLE_OBJC_ARC = YES;
				CLANG_WARN_BOOL_CONVERSION = YES;
				CLANG_WARN_CONSTANT_CONVERSION = YES;
				CLANG_WARN_DIRECT_OBJC_ISA_USAGE = YES_ERROR;
				CLANG_WARN_EMPTY_BODY = YES;
				CLANG_WARN_ENUM_CONVERSION = YES;
				CLANG_WARN_INT_CONVERSION = YES;
				CLANG_WARN_OBJC_ROOT_CLASS = YES_ERROR;
				CLANG_WARN_UNREACHABLE_CODE = YES;
				CLANG_WARN__DUPLICATE_METHOD_MATCH = YES;
				COPY_PHASE_STRIP = YES;
				DEBUG_INFORMATION_FORMAT = "dwarf-with-dsym";
				ENABLE_NS_ASSERTIONS = NO;
				ENABLE_STRICT_OBJC_MSGSEND = YES;
				GCC_C_LANGUAGE_STANDARD = gnu99;
				GCC_WARN_64_TO_32_BIT_CONVERSION = YES;
				GCC_WARN_ABOUT_RETURN_TYPE = YES_ERROR;
				GCC_WARN_UNDECLARED_SELECTOR = YES;
				GCC_WARN_UNINITIALIZED_AUTOS = YES_AGGRESSIVE;
				GCC_WARN_UNUSED_FUNCTION = YES;
				GCC_WARN_UNUSED_VARIABLE = YES;
				MACOSX_DEPLOYMENT_TARGET = 10.9;
				MTL_ENABLE_DEBUG_INFO = NO;
				SDKROOT = macosx;
			};
			name = Release;
		};
		093CE95F19E6DF9000FCB1B0 /* Debug */ = {
			isa = XCBuildConfiguration;
			buildSettings = {
				PRODUCT_NAME = "$(TARGET_NAME)";
			};
			name = Debug;
		};
		093CE96019E6DF9000FCB1B0 /* Release */ = {
			isa = XCBuildConfiguration;
			buildSettings = {
				PRODUCT_NAME = "$(TARGET_NAME)";
			};
			name = Release;
		};
/* End XCBuildConfiguration section */

/* Begin XCConfigurationList section */
		093CE95219E6DF9000FCB1B0 /* Build configuration list for PBXProject "linkedlist" */ = {
			isa = XCConfigurationList;
			buildConfigurations = (
				093CE95C19E6DF9000FCB1B0 /* Debug */,
				093CE95D19E6DF9000FCB1B0 /* Release */,
			);
			defaultConfigurationIsVisible = 0;
			defaultConfigurationName = Release;
		};
		093CE95E19E6DF9000FCB1B0 /* Build configuration list for PBXNativeTarget "linkedlist" */ = {
			isa = XCConfigurationList;
			buildConfigurations = (
				093CE95F19E6DF9000FCB1B0 /* Debug */,
				093CE96019E6DF9000FCB1B0 /* Release */,
			);
			defaultConfigurationIsVisible = 0;
			defaultConfigurationName = Release;
		};
/* End XCConfigurationList section */
	};
	rootObject = 093CE94F19E6DF9000FCB1B0 /* Project object */;
}
