// !$*UTF8*$!
{
	archiveVersion = 1;
	classes = {
	};
	objectVersion = 46;
	objects = {

/* Begin PBXBuildFile section */
		09A465971A0BD70100C69D1B /* pa3.cpp in Sources */ = {isa = PBXBuildFile; fileRef = 09A465961A0BD70100C69D1B /* pa3.cpp */; };
/* End PBXBuildFile section */

/* Begin PBXCopyFilesBuildPhase section */
		09A465911A0BD70100C69D1B /* CopyFiles */ = {
			isa = PBXCopyFilesBuildPhase;
			buildActionMask = 2147483647;
			dstPath = /usr/share/man/man1/;
			dstSubfolderSpec = 0;
			files = (
			);
			runOnlyForDeploymentPostprocessing = 1;
		};
/* End PBXCopyFilesBuildPhase section */

/* Begin PBXFileReference section */
		0992D85F1A0E98CB00605494 /* Stack.h */ = {isa = PBXFileReference; fileEncoding = 4; lastKnownFileType = sourcecode.c.h; path = Stack.h; sourceTree = "<group>"; };
		0992D8601A0E98DB00605494 /* Queue.h */ = {isa = PBXFileReference; fileEncoding = 4; lastKnownFileType = sourcecode.c.h; path = Queue.h; sourceTree = "<group>"; };
		09A465931A0BD70100C69D1B /* PA3 */ = {isa = PBXFileReference; explicitFileType = "compiled.mach-o.executable"; includeInIndex = 0; path = PA3; sourceTree = BUILT_PRODUCTS_DIR; };
		09A465961A0BD70100C69D1B /* pa3.cpp */ = {isa = PBXFileReference; lastKnownFileType = sourcecode.cpp.cpp; lineEnding = 0; path = pa3.cpp; sourceTree = "<group>"; xcLanguageSpecificationIdentifier = xcode.lang.cpp; };
		09A4659D1A0BD79400C69D1B /* Pa3.h */ = {isa = PBXFileReference; fileEncoding = 4; lastKnownFileType = sourcecode.c.h; path = Pa3.h; sourceTree = "<group>"; };
/* End PBXFileReference section */

/* Begin PBXFrameworksBuildPhase section */
		09A465901A0BD70100C69D1B /* Frameworks */ = {
			isa = PBXFrameworksBuildPhase;
			buildActionMask = 2147483647;
			files = (
			);
			runOnlyForDeploymentPostprocessing = 0;
		};
/* End PBXFrameworksBuildPhase section */

/* Begin PBXGroup section */
		09A4658A1A0BD70100C69D1B = {
			isa = PBXGroup;
			children = (
				09A465951A0BD70100C69D1B /* PA3 */,
				09A465941A0BD70100C69D1B /* Products */,
			);
			sourceTree = "<group>";
		};
		09A465941A0BD70100C69D1B /* Products */ = {
			isa = PBXGroup;
			children = (
				09A465931A0BD70100C69D1B /* PA3 */,
			);
			name = Products;
			sourceTree = "<group>";
		};
		09A465951A0BD70100C69D1B /* PA3 */ = {
			isa = PBXGroup;
			children = (
				09A465961A0BD70100C69D1B /* pa3.cpp */,
				09A4659D1A0BD79400C69D1B /* Pa3.h */,
				0992D85F1A0E98CB00605494 /* Stack.h */,
				0992D8601A0E98DB00605494 /* Queue.h */,
			);
			path = PA3;
			sourceTree = "<group>";
		};
/* End PBXGroup section */

/* Begin PBXNativeTarget section */
		09A465921A0BD70100C69D1B /* PA3 */ = {
			isa = PBXNativeTarget;
			buildConfigurationList = 09A4659A1A0BD70100C69D1B /* Build configuration list for PBXNativeTarget "PA3" */;
			buildPhases = (
				09A4658F1A0BD70100C69D1B /* Sources */,
				09A465901A0BD70100C69D1B /* Frameworks */,
				09A465911A0BD70100C69D1B /* CopyFiles */,
			);
			buildRules = (
			);
			dependencies = (
			);
			name = PA3;
			productName = PA3;
			productReference = 09A465931A0BD70100C69D1B /* PA3 */;
			productType = "com.apple.product-type.tool";
		};
/* End PBXNativeTarget section */

/* Begin PBXProject section */
		09A4658B1A0BD70100C69D1B /* Project object */ = {
			isa = PBXProject;
			attributes = {
				LastUpgradeCheck = 0610;
				ORGANIZATIONNAME = "Madeleine Monfort";
				TargetAttributes = {
					09A465921A0BD70100C69D1B = {
						CreatedOnToolsVersion = 6.1;
					};
				};
			};
			buildConfigurationList = 09A4658E1A0BD70100C69D1B /* Build configuration list for PBXProject "PA3" */;
			compatibilityVersion = "Xcode 3.2";
			developmentRegion = English;
			hasScannedForEncodings = 0;
			knownRegions = (
				en,
			);
			mainGroup = 09A4658A1A0BD70100C69D1B;
			productRefGroup = 09A465941A0BD70100C69D1B /* Products */;
			projectDirPath = "";
			projectRoot = "";
			targets = (
				09A465921A0BD70100C69D1B /* PA3 */,
			);
		};
/* End PBXProject section */

/* Begin PBXSourcesBuildPhase section */
		09A4658F1A0BD70100C69D1B /* Sources */ = {
			isa = PBXSourcesBuildPhase;
			buildActionMask = 2147483647;
			files = (
				09A465971A0BD70100C69D1B /* pa3.cpp in Sources */,
			);
			runOnlyForDeploymentPostprocessing = 0;
		};
/* End PBXSourcesBuildPhase section */

/* Begin XCBuildConfiguration section */
		09A465981A0BD70100C69D1B /* Debug */ = {
			isa = XCBuildConfiguration;
			buildSettings = {
				ALWAYS_SEARCH_USER_PATHS = NO;
				CLANG_CXX_LANGUAGE_STANDARD = "gnu++0x";
				CLANG_CXX_LIBRARY = "libc++";
				CLANG_ENABLE_MODULES = YES;
				CLANG_ENABLE_OBJC_ARC = YES;
				CLANG_WARN_BOOL_CONVERSION = YES;
				CLANG_WARN_CONSTANT_CONVERSION = YES;
				CLANG_WARN_DIRECT_OBJC_ISA_USAGE = YES_ERROR;
				CLANG_WARN_EMPTY_BODY = YES;
				CLANG_WARN_ENUM_CONVERSION = YES;
				CLANG_WARN_INT_CONVERSION = YES;
				CLANG_WARN_OBJC_ROOT_CLASS = YES_ERROR;
				CLANG_WARN_UNREACHABLE_CODE = YES;
				CLANG_WARN__DUPLICATE_METHOD_MATCH = YES;
				COPY_PHASE_STRIP = NO;
				ENABLE_STRICT_OBJC_MSGSEND = YES;
				GCC_C_LANGUAGE_STANDARD = gnu99;
				GCC_DYNAMIC_NO_PIC = NO;
				GCC_OPTIMIZATION_LEVEL = 0;
				GCC_PREPROCESSOR_DEFINITIONS = (
					"DEBUG=1",
					"$(inherited)",
				);
				GCC_SYMBOLS_PRIVATE_EXTERN = NO;
				GCC_WARN_64_TO_32_BIT_CONVERSION = YES;
				GCC_WARN_ABOUT_RETURN_TYPE = YES_ERROR;
				GCC_WARN_UNDECLARED_SELECTOR = YES;
				GCC_WARN_UNINITIALIZED_AUTOS = YES_AGGRESSIVE;
				GCC_WARN_UNUSED_FUNCTION = YES;
				GCC_WARN_UNUSED_VARIABLE = YES;
				MACOSX_DEPLOYMENT_TARGET = 10.10;
				MTL_ENABLE_DEBUG_INFO = YES;
				ONLY_ACTIVE_ARCH = YES;
				SDKROOT = macosx;
			};
			name = Debug;
		};
		09A465991A0BD70100C69D1B /* Release */ = {
			isa = XCBuildConfiguration;
			buildSettings = {
				ALWAYS_SEARCH_USER_PATHS = NO;
				CLANG_CXX_LANGUAGE_STANDARD = "gnu++0x";
				CLANG_CXX_LIBRARY = "libc++";
				CLANG_ENABLE_MODULES = YES;
				CLANG_ENABLE_OBJC_ARC = YES;
				CLANG_WARN_BOOL_CONVERSION = YES;
				CLANG_WARN_CONSTANT_CONVERSION = YES;
				CLANG_WARN_DIRECT_OBJC_ISA_USAGE = YES_ERROR;
				CLANG_WARN_EMPTY_BODY = YES;
				CLANG_WARN_ENUM_CONVERSION = YES;
				CLANG_WARN_INT_CONVERSION = YES;
				CLANG_WARN_OBJC_ROOT_CLASS = YES_ERROR;
				CLANG_WARN_UNREACHABLE_CODE = YES;
				CLANG_WARN__DUPLICATE_METHOD_MATCH = YES;
				COPY_PHASE_STRIP = YES;
				DEBUG_INFORMATION_FORMAT = "dwarf-with-dsym";
				ENABLE_NS_ASSERTIONS = NO;
				ENABLE_STRICT_OBJC_MSGSEND = YES;
				GCC_C_LANGUAGE_STANDARD = gnu99;
				GCC_WARN_64_TO_32_BIT_CONVERSION = YES;
				GCC_WARN_ABOUT_RETURN_TYPE = YES_ERROR;
				GCC_WARN_UNDECLARED_SELECTOR = YES;
				GCC_WARN_UNINITIALIZED_AUTOS = YES_AGGRESSIVE;
				GCC_WARN_UNUSED_FUNCTION = YES;
				GCC_WARN_UNUSED_VARIABLE = YES;
				MACOSX_DEPLOYMENT_TARGET = 10.10;
				MTL_ENABLE_DEBUG_INFO = NO;
				SDKROOT = macosx;
			};
			name = Release;
		};
		09A4659B1A0BD70100C69D1B /* Debug */ = {
			isa = XCBuildConfiguration;
			buildSettings = {
				PRODUCT_NAME = "$(TARGET_NAME)";
			};
			name = Debug;
		};
		09A4659C1A0BD70100C69D1B /* Release */ = {
			isa = XCBuildConfiguration;
			buildSettings = {
				PRODUCT_NAME = "$(TARGET_NAME)";
			};
			name = Release;
		};
/* End XCBuildConfiguration section */

/* Begin XCConfigurationList section */
		09A4658E1A0BD70100C69D1B /* Build configuration list for PBXProject "PA3" */ = {
			isa = XCConfigurationList;
			buildConfigurations = (
				09A465981A0BD70100C69D1B /* Debug */,
				09A465991A0BD70100C69D1B /* Release */,
			);
			defaultConfigurationIsVisible = 0;
			defaultConfigurationName = Release;
		};
		09A4659A1A0BD70100C69D1B /* Build configuration list for PBXNativeTarget "PA3" */ = {
			isa = XCConfigurationList;
			buildConfigurations = (
				09A4659B1A0BD70100C69D1B /* Debug */,
				09A4659C1A0BD70100C69D1B /* Release */,
			);
			defaultConfigurationIsVisible = 0;
			defaultConfigurationName = Release;
		};
/* End XCConfigurationList section */
	};
	rootObject = 09A4658B1A0BD70100C69D1B /* Project object */;
}
